
Microsoft Visual Studio Solution File, Format Version 12.00
Project("{FAE04EC0-301F-11D3-BF4B-00C04F79EFBC}") = "Switch", "Switch\Switch.csproj", "{674B1302-95DC-4C65-8EE9-9B1B399C4592}"
EndProject
Global
	GlobalSection(SolutionConfigurationPlatforms) = preSolution
		Debug|Any CPU = Debug|Any CPU
		Release|Any CPU = Release|Any CPU
	EndGlobalSection
	GlobalSection(ProjectConfigurationPlatforms) = postSolution
		{674B1302-95DC-4C65-8EE9-9B1B399C4592}.Debug|Any CPU.ActiveCfg = Debug|Any CPU
		{674B1302-95DC-4C65-8EE9-9B1B399C4592}.Debug|Any CPU.Build.0 = Debug|Any CPU
		{674B1302-95DC-4C65-8EE9-9B1B399C4592}.Release|Any CPU.ActiveCfg = Release|Any CPU
		{674B1302-95DC-4C65-8EE9-9B1B399C4592}.Release|Any CPU.Build.0 = Release|Any CPU
	EndGlobalSection
EndGlobal
